
Microsoft Visual Studio Solution File, Format Version 12.00
# Visual Studio Version 16
VisualStudioVersion = 16.0.30002.166
MinimumVisualStudioVersion = 10.0.40219.1
Project("{FAE04EC0-301F-11D3-BF4B-00C04F79EFBC}") = "WcfServiceLibrary", "WcfServiceLibrary\WcfServiceLibrary.csproj", "{370AD987-FF2D-470C-84F6-21109764A48F}"
EndProject
Project("{FAE04EC0-301F-11D3-BF4B-00C04F79EFBC}") = "WcfServiceHost", "WcfServiceHost\WcfServiceHost.csproj", "{BD0E340C-6D98-45F7-89FF-9C8E2BBCAA18}"
EndProject
Project("{FAE04EC0-301F-11D3-BF4B-00C04F79EFBC}") = "WcfServiceClient", "WcfServiceClient\WcfServiceClient.csproj", "{85EFFF52-422B-40F1-8D20-E97051059932}"
EndProject
Project("{FAE04EC0-301F-11D3-BF4B-00C04F79EFBC}") = "CallbackService", "CallbackService\CallbackService.csproj", "{6138BF6C-AD66-4011-A2E3-63AC17D2BD78}"
EndProject
Global
	GlobalSection(SolutionConfigurationPlatforms) = preSolution
		Debug|Any CPU = Debug|Any CPU
		Release|Any CPU = Release|Any CPU
	EndGlobalSection
	GlobalSection(ProjectConfigurationPlatforms) = postSolution
		{370AD987-FF2D-470C-84F6-21109764A48F}.Debug|Any CPU.ActiveCfg = Debug|Any CPU
		{370AD987-FF2D-470C-84F6-21109764A48F}.Debug|Any CPU.Build.0 = Debug|Any CPU
		{370AD987-FF2D-470C-84F6-21109764A48F}.Release|Any CPU.ActiveCfg = Release|Any CPU
		{370AD987-FF2D-470C-84F6-21109764A48F}.Release|Any CPU.Build.0 = Release|Any CPU
		{BD0E340C-6D98-45F7-89FF-9C8E2BBCAA18}.Debug|Any CPU.ActiveCfg = Debug|Any CPU
		{BD0E340C-6D98-45F7-89FF-9C8E2BBCAA18}.Debug|Any CPU.Build.0 = Debug|Any CPU
		{BD0E340C-6D98-45F7-89FF-9C8E2BBCAA18}.Release|Any CPU.ActiveCfg = Release|Any CPU
		{BD0E340C-6D98-45F7-89FF-9C8E2BBCAA18}.Release|Any CPU.Build.0 = Release|Any CPU
		{85EFFF52-422B-40F1-8D20-E97051059932}.Debug|Any CPU.ActiveCfg = Debug|Any CPU
		{85EFFF52-422B-40F1-8D20-E97051059932}.Debug|Any CPU.Build.0 = Debug|Any CPU
		{85EFFF52-422B-40F1-8D20-E97051059932}.Release|Any CPU.ActiveCfg = Release|Any CPU
		{85EFFF52-422B-40F1-8D20-E97051059932}.Release|Any CPU.Build.0 = Release|Any CPU
		{6138BF6C-AD66-4011-A2E3-63AC17D2BD78}.Debug|Any CPU.ActiveCfg = Debug|Any CPU
		{6138BF6C-AD66-4011-A2E3-63AC17D2BD78}.Debug|Any CPU.Build.0 = Debug|Any CPU
		{6138BF6C-AD66-4011-A2E3-63AC17D2BD78}.Release|Any CPU.ActiveCfg = Release|Any CPU
		{6138BF6C-AD66-4011-A2E3-63AC17D2BD78}.Release|Any CPU.Build.0 = Release|Any CPU
	EndGlobalSection
	GlobalSection(SolutionProperties) = preSolution
		HideSolutionNode = FALSE
	EndGlobalSection
	GlobalSection(ExtensibilityGlobals) = postSolution
		SolutionGuid = {25DBD147-C374-4695-89B5-D9383678545E}
	EndGlobalSection
EndGlobal
